
Microsoft Visual Studio Solution File, Format Version 12.00
# Visual Studio Version 17
VisualStudioVersion = 17.9.34622.214
MinimumVisualStudioVersion = 10.0.40219.1
Project("{FAE04EC0-301F-11D3-BF4B-00C04F79EFBC}") = "InvoiceApp.UnitTest2", "InvoiceApp.UnitTest2.csproj", "{564D0723-D127-435C-BB9B-2C366001A0CC}"
EndProject
Project("{9A19103F-16F7-4668-BE54-9A1E7A4F7556}") = "InvoiceApp.WebApi", "..\InvoiceApp.WebApi\InvoiceApp.WebApi.csproj", "{6F560838-7734-4DBE-A174-D4B0B02C2066}"
EndProject
Global
	GlobalSection(SolutionConfigurationPlatforms) = preSolution
		Debug|Any CPU = Debug|Any CPU
		Release|Any CPU = Release|Any CPU
	EndGlobalSection
	GlobalSection(ProjectConfigurationPlatforms) = postSolution
		{564D0723-D127-435C-BB9B-2C366001A0CC}.Debug|Any CPU.ActiveCfg = Debug|Any CPU
		{564D0723-D127-435C-BB9B-2C366001A0CC}.Debug|Any CPU.Build.0 = Debug|Any CPU
		{564D0723-D127-435C-BB9B-2C366001A0CC}.Release|Any CPU.ActiveCfg = Release|Any CPU
		{564D0723-D127-435C-BB9B-2C366001A0CC}.Release|Any CPU.Build.0 = Release|Any CPU
		{6F560838-7734-4DBE-A174-D4B0B02C2066}.Debug|Any CPU.ActiveCfg = Debug|Any CPU
		{6F560838-7734-4DBE-A174-D4B0B02C2066}.Debug|Any CPU.Build.0 = Debug|Any CPU
		{6F560838-7734-4DBE-A174-D4B0B02C2066}.Release|Any CPU.ActiveCfg = Release|Any CPU
		{6F560838-7734-4DBE-A174-D4B0B02C2066}.Release|Any CPU.Build.0 = Release|Any CPU
	EndGlobalSection
	GlobalSection(SolutionProperties) = preSolution
		HideSolutionNode = FALSE
	EndGlobalSection
	GlobalSection(ExtensibilityGlobals) = postSolution
		SolutionGuid = {784DD84B-6C33-4827-AD4E-6A13E17110B3}
	EndGlobalSection
EndGlobal
