Microsoft Visual Studio Solution File, Format Version 12.00
# Visual Studio Version 17
VisualStudioVersion = 17.5.2.0
MinimumVisualStudioVersion = 10.0.40219.1
Project("{FAE04EC0-301F-11D3-BF4B-00C04F79EFBC}") = "BasicWebApiDemo", "BasicWebApiDemo.csproj", "{31562AD8-BA38-78D0-1D23-9D3A8EF9AD7F}"
EndProject
Global
	GlobalSection(SolutionConfigurationPlatforms) = preSolution
		Debug|Any CPU = Debug|Any CPU
		Release|Any CPU = Release|Any CPU
	EndGlobalSection
	GlobalSection(ProjectConfigurationPlatforms) = postSolution
		{31562AD8-BA38-78D0-1D23-9D3A8EF9AD7F}.Debug|Any CPU.ActiveCfg = Debug|Any CPU
		{31562AD8-BA38-78D0-1D23-9D3A8EF9AD7F}.Debug|Any CPU.Build.0 = Debug|Any CPU
		{31562AD8-BA38-78D0-1D23-9D3A8EF9AD7F}.Release|Any CPU.ActiveCfg = Release|Any CPU
		{31562AD8-BA38-78D0-1D23-9D3A8EF9AD7F}.Release|Any CPU.Build.0 = Release|Any CPU
	EndGlobalSection
	GlobalSection(SolutionProperties) = preSolution
		HideSolutionNode = FALSE
	EndGlobalSection
	GlobalSection(ExtensibilityGlobals) = postSolution
		SolutionGuid = {8C6C3F9A-B61D-424A-BDAD-042FE0AAFB6D}
	EndGlobalSection
EndGlobal
