
Microsoft Visual Studio Solution File, Format Version 12.00
# Visual Studio Version 17
VisualStudioVersion = 17.5.002.0
MinimumVisualStudioVersion = 10.0.40219.1
Project("{9A19103F-16F7-4668-BE54-9A1E7A4F7556}") = "AuthenticationDemo", "AuthenticationDemo.csproj", "{C92638EA-7BD1-44B6-8EB7-AD8F1A7F6916}"
EndProject
Global
	GlobalSection(SolutionConfigurationPlatforms) = preSolution
		Debug|Any CPU = Debug|Any CPU
		Release|Any CPU = Release|Any CPU
	EndGlobalSection
	GlobalSection(ProjectConfigurationPlatforms) = postSolution
		{C92638EA-7BD1-44B6-8EB7-AD8F1A7F6916}.Debug|Any CPU.ActiveCfg = Debug|Any CPU
		{C92638EA-7BD1-44B6-8EB7-AD8F1A7F6916}.Debug|Any CPU.Build.0 = Debug|Any CPU
		{C92638EA-7BD1-44B6-8EB7-AD8F1A7F6916}.Release|Any CPU.ActiveCfg = Release|Any CPU
		{C92638EA-7BD1-44B6-8EB7-AD8F1A7F6916}.Release|Any CPU.Build.0 = Release|Any CPU
	EndGlobalSection
	GlobalSection(SolutionProperties) = preSolution
		HideSolutionNode = FALSE
	EndGlobalSection
	GlobalSection(ExtensibilityGlobals) = postSolution
		SolutionGuid = {C9DE3C88-A29A-4772-89E1-869184A3BF09}
	EndGlobalSection
EndGlobal
