
Microsoft Visual Studio Solution File, Format Version 12.00
# Visual Studio Version 17
VisualStudioVersion = 17.5.002.0
MinimumVisualStudioVersion = 10.0.40219.1
Project("{9A19103F-16F7-4668-BE54-9A1E7A4F7556}") = "ClaimBasedAuthorizationDemo", "ClaimBasedAuthorizationDemo.csproj", "{1F5553A3-1F95-49B0-B454-29C6A4B1D052}"
EndProject
Global
	GlobalSection(SolutionConfigurationPlatforms) = preSolution
		Debug|Any CPU = Debug|Any CPU
		Release|Any CPU = Release|Any CPU
	EndGlobalSection
	GlobalSection(ProjectConfigurationPlatforms) = postSolution
		{1F5553A3-1F95-49B0-B454-29C6A4B1D052}.Debug|Any CPU.ActiveCfg = Debug|Any CPU
		{1F5553A3-1F95-49B0-B454-29C6A4B1D052}.Debug|Any CPU.Build.0 = Debug|Any CPU
		{1F5553A3-1F95-49B0-B454-29C6A4B1D052}.Release|Any CPU.ActiveCfg = Release|Any CPU
		{1F5553A3-1F95-49B0-B454-29C6A4B1D052}.Release|Any CPU.Build.0 = Release|Any CPU
	EndGlobalSection
	GlobalSection(SolutionProperties) = preSolution
		HideSolutionNode = FALSE
	EndGlobalSection
	GlobalSection(ExtensibilityGlobals) = postSolution
		SolutionGuid = {2356542E-02F0-49AF-9FF2-3EC85F000EDA}
	EndGlobalSection
EndGlobal
