
Microsoft Visual Studio Solution File, Format Version 12.00
# Visual Studio Version 17
VisualStudioVersion = 17.5.002.0
MinimumVisualStudioVersion = 10.0.40219.1
Project("{9A19103F-16F7-4668-BE54-9A1E7A4F7556}") = "LoggingDemo", "LoggingDemo.csproj", "{B9AF4FAB-47F5-4685-B114-6CA3A5AC8C9D}"
EndProject
Global
	GlobalSection(SolutionConfigurationPlatforms) = preSolution
		Debug|Any CPU = Debug|Any CPU
		Release|Any CPU = Release|Any CPU
	EndGlobalSection
	GlobalSection(ProjectConfigurationPlatforms) = postSolution
		{B9AF4FAB-47F5-4685-B114-6CA3A5AC8C9D}.Debug|Any CPU.ActiveCfg = Debug|Any CPU
		{B9AF4FAB-47F5-4685-B114-6CA3A5AC8C9D}.Debug|Any CPU.Build.0 = Debug|Any CPU
		{B9AF4FAB-47F5-4685-B114-6CA3A5AC8C9D}.Release|Any CPU.ActiveCfg = Release|Any CPU
		{B9AF4FAB-47F5-4685-B114-6CA3A5AC8C9D}.Release|Any CPU.Build.0 = Release|Any CPU
	EndGlobalSection
	GlobalSection(SolutionProperties) = preSolution
		HideSolutionNode = FALSE
	EndGlobalSection
	GlobalSection(ExtensibilityGlobals) = postSolution
		SolutionGuid = {20F10059-2CEC-4B9D-AC5E-17CA7AF67DA9}
	EndGlobalSection
EndGlobal
