
Microsoft Visual Studio Solution File, Format Version 12.00
# Visual Studio Version 17
VisualStudioVersion = 17.9.34622.214
MinimumVisualStudioVersion = 10.0.40219.1
Project("{9A19103F-16F7-4668-BE54-9A1E7A4F7556}") = "ConfigurationDemo", "ConfigurationDemo.csproj", "{6869851D-A2CF-4B6F-81C6-E00276B6A0E3}"
EndProject
Global
	GlobalSection(SolutionConfigurationPlatforms) = preSolution
		Debug|Any CPU = Debug|Any CPU
		Release|Any CPU = Release|Any CPU
	EndGlobalSection
	GlobalSection(ProjectConfigurationPlatforms) = postSolution
		{6869851D-A2CF-4B6F-81C6-E00276B6A0E3}.Debug|Any CPU.ActiveCfg = Debug|Any CPU
		{6869851D-A2CF-4B6F-81C6-E00276B6A0E3}.Debug|Any CPU.Build.0 = Debug|Any CPU
		{6869851D-A2CF-4B6F-81C6-E00276B6A0E3}.Release|Any CPU.ActiveCfg = Release|Any CPU
		{6869851D-A2CF-4B6F-81C6-E00276B6A0E3}.Release|Any CPU.Build.0 = Release|Any CPU
	EndGlobalSection
	GlobalSection(SolutionProperties) = preSolution
		HideSolutionNode = FALSE
	EndGlobalSection
	GlobalSection(ExtensibilityGlobals) = postSolution
		SolutionGuid = {A46690FA-5A92-46E1-A14A-F549E967BC63}
	EndGlobalSection
EndGlobal
